// !$*UTF8*$!
{
	archiveVersion = 1;
	classes = {
	};
	objectVersion = 55;
	objects = {

/* Begin PBXBuildFile section */
		4E46A08727F30FAE004A0461 /* AboutViewController.swift in Sources */ = {isa = PBXBuildFile; fileRef = 4E46A08627F30FAE004A0461 /* AboutViewController.swift */; };
		4E5F502427E6507100E43278 /* AppDelegate.swift in Sources */ = {isa = PBXBuildFile; fileRef = 4E5F502327E6507100E43278 /* AppDelegate.swift */; };
		4E5F502627E6507100E43278 /* SceneDelegate.swift in Sources */ = {isa = PBXBuildFile; fileRef = 4E5F502527E6507100E43278 /* SceneDelegate.swift */; };
		4E5F502D27E6507200E43278 /* Assets.xcassets in Resources */ = {isa = PBXBuildFile; fileRef = 4E5F502C27E6507200E43278 /* Assets.xcassets */; };
		4E5F503027E6507200E43278 /* LaunchScreen.storyboard in Resources */ = {isa = PBXBuildFile; fileRef = 4E5F502E27E6507200E43278 /* LaunchScreen.storyboard */; };
		4E5F503827E654CE00E43278 /* MainViewController.swift in Sources */ = {isa = PBXBuildFile; fileRef = 4E5F503727E654CE00E43278 /* MainViewController.swift */; };
		4EB25FE727F25A3F0001834A /* CustomTextField.swift in Sources */ = {isa = PBXBuildFile; fileRef = 4EB25FE627F25A3F0001834A /* CustomTextField.swift */; };
		4EB25FEB27F25D750001834A /* EnterPlayerNameViewController.swift in Sources */ = {isa = PBXBuildFile; fileRef = 4EB25FEA27F25D750001834A /* EnterPlayerNameViewController.swift */; };
		4EB25FED27F2691D0001834A /* CustomLabel.swift in Sources */ = {isa = PBXBuildFile; fileRef = 4EB25FEC27F2691D0001834A /* CustomLabel.swift */; };
		4EB25FEF27F26C790001834A /* CustomButton.swift in Sources */ = {isa = PBXBuildFile; fileRef = 4EB25FEE27F26C790001834A /* CustomButton.swift */; };
/* End PBXBuildFile section */

/* Begin PBXFileReference section */
		4E46A08627F30FAE004A0461 /* AboutViewController.swift */ = {isa = PBXFileReference; lastKnownFileType = sourcecode.swift; path = AboutViewController.swift; sourceTree = "<group>"; };
		4E5F502027E6507100E43278 /* FirstHomework.app */ = {isa = PBXFileReference; explicitFileType = wrapper.application; includeInIndex = 0; path = FirstHomework.app; sourceTree = BUILT_PRODUCTS_DIR; };
		4E5F502327E6507100E43278 /* AppDelegate.swift */ = {isa = PBXFileReference; lastKnownFileType = sourcecode.swift; path = AppDelegate.swift; sourceTree = "<group>"; };
		4E5F502527E6507100E43278 /* SceneDelegate.swift */ = {isa = PBXFileReference; lastKnownFileType = sourcecode.swift; path = SceneDelegate.swift; sourceTree = "<group>"; };
		4E5F502C27E6507200E43278 /* Assets.xcassets */ = {isa = PBXFileReference; lastKnownFileType = folder.assetcatalog; path = Assets.xcassets; sourceTree = "<group>"; };
		4E5F502F27E6507200E43278 /* Base */ = {isa = PBXFileReference; lastKnownFileType = file.storyboard; name = Base; path = Base.lproj/LaunchScreen.storyboard; sourceTree = "<group>"; };
		4E5F503127E6507200E43278 /* Info.plist */ = {isa = PBXFileReference; lastKnownFileType = text.plist.xml; path = Info.plist; sourceTree = "<group>"; };
		4E5F503727E654CE00E43278 /* MainViewController.swift */ = {isa = PBXFileReference; lastKnownFileType = sourcecode.swift; path = MainViewController.swift; sourceTree = "<group>"; };
		4EB25FE627F25A3F0001834A /* CustomTextField.swift */ = {isa = PBXFileReference; lastKnownFileType = sourcecode.swift; path = CustomTextField.swift; sourceTree = "<group>"; };
		4EB25FEA27F25D750001834A /* EnterPlayerNameViewController.swift */ = {isa = PBXFileReference; lastKnownFileType = sourcecode.swift; path = EnterPlayerNameViewController.swift; sourceTree = "<group>"; };
		4EB25FEC27F2691D0001834A /* CustomLabel.swift */ = {isa = PBXFileReference; lastKnownFileType = sourcecode.swift; path = CustomLabel.swift; sourceTree = "<group>"; };
		4EB25FEE27F26C790001834A /* CustomButton.swift */ = {isa = PBXFileReference; lastKnownFileType = sourcecode.swift; path = CustomButton.swift; sourceTree = "<group>"; };
/* End PBXFileReference section */

/* Begin PBXFrameworksBuildPhase section */
		4E5F501D27E6507100E43278 /* Frameworks */ = {
			isa = PBXFrameworksBuildPhase;
			buildActionMask = 2147483647;
			files = (
			);
			runOnlyForDeploymentPostprocessing = 0;
		};
/* End PBXFrameworksBuildPhase section */

/* Begin PBXGroup section */
		4E4EA84F27F4F1F20042F272 /* Resources */ = {
			isa = PBXGroup;
			children = (
				4E4EA85027F4F1FA0042F272 /* Fonts */,
			);
			path = Resources;
			sourceTree = "<group>";
		};
		4E4EA85027F4F1FA0042F272 /* Fonts */ = {
			isa = PBXGroup;
			children = (
			);
			path = Fonts;
			sourceTree = "<group>";
		};
		4E5F501727E6507100E43278 = {
			isa = PBXGroup;
			children = (
				4E5F502227E6507100E43278 /* FirstHomework */,
				4E5F502127E6507100E43278 /* Products */,
			);
			sourceTree = "<group>";
		};
		4E5F502127E6507100E43278 /* Products */ = {
			isa = PBXGroup;
			children = (
				4E5F502027E6507100E43278 /* FirstHomework.app */,
			);
			name = Products;
			sourceTree = "<group>";
		};
		4E5F502227E6507100E43278 /* FirstHomework */ = {
			isa = PBXGroup;
			children = (
				4EB25FE327F2576B0001834A /* PresentationLayer */,
				4E5F502327E6507100E43278 /* AppDelegate.swift */,
				4E5F502527E6507100E43278 /* SceneDelegate.swift */,
				4E5F502C27E6507200E43278 /* Assets.xcassets */,
				4E5F502E27E6507200E43278 /* LaunchScreen.storyboard */,
				4E5F503127E6507200E43278 /* Info.plist */,
			);
			path = FirstHomework;
			sourceTree = "<group>";
		};
		4EB25FE327F2576B0001834A /* PresentationLayer */ = {
			isa = PBXGroup;
			children = (
				4E4EA84F27F4F1F20042F272 /* Resources */,
				4EB25FE527F2578F0001834A /* ViewControllers */,
				4EB25FE427F257830001834A /* CustomViews */,
			);
			path = PresentationLayer;
			sourceTree = "<group>";
		};
		4EB25FE427F257830001834A /* CustomViews */ = {
			isa = PBXGroup;
			children = (
				4EB25FE627F25A3F0001834A /* CustomTextField.swift */,
				4EB25FEC27F2691D0001834A /* CustomLabel.swift */,
				4EB25FEE27F26C790001834A /* CustomButton.swift */,
			);
			path = CustomViews;
			sourceTree = "<group>";
		};
		4EB25FE527F2578F0001834A /* ViewControllers */ = {
			isa = PBXGroup;
			children = (
				4E5F503727E654CE00E43278 /* MainViewController.swift */,
				4EB25FEA27F25D750001834A /* EnterPlayerNameViewController.swift */,
				4E46A08627F30FAE004A0461 /* AboutViewController.swift */,
			);
			path = ViewControllers;
			sourceTree = "<group>";
		};
/* End PBXGroup section */

/* Begin PBXNativeTarget section */
		4E5F501F27E6507100E43278 /* FirstHomework */ = {
			isa = PBXNativeTarget;
			buildConfigurationList = 4E5F503427E6507200E43278 /* Build configuration list for PBXNativeTarget "FirstHomework" */;
			buildPhases = (
				4E5F501C27E6507100E43278 /* Sources */,
				4E5F501D27E6507100E43278 /* Frameworks */,
				4E5F501E27E6507100E43278 /* Resources */,
			);
			buildRules = (
			);
			dependencies = (
			);
			name = FirstHomework;
			productName = FirstHomework;
			productReference = 4E5F502027E6507100E43278 /* FirstHomework.app */;
			productType = "com.apple.product-type.application";
		};
/* End PBXNativeTarget section */

/* Begin PBXProject section */
		4E5F501827E6507100E43278 /* Project object */ = {
			isa = PBXProject;
			attributes = {
				BuildIndependentTargetsInParallel = 1;
				LastSwiftUpdateCheck = 1320;
				LastUpgradeCheck = 1320;
				TargetAttributes = {
					4E5F501F27E6507100E43278 = {
						CreatedOnToolsVersion = 13.2.1;
					};
				};
			};
			buildConfigurationList = 4E5F501B27E6507100E43278 /* Build configuration list for PBXProject "FirstHomework" */;
			compatibilityVersion = "Xcode 13.0";
			developmentRegion = en;
			hasScannedForEncodings = 0;
			knownRegions = (
				en,
				Base,
			);
			mainGroup = 4E5F501727E6507100E43278;
			productRefGroup = 4E5F502127E6507100E43278 /* Products */;
			projectDirPath = "";
			projectRoot = "";
			targets = (
				4E5F501F27E6507100E43278 /* FirstHomework */,
			);
		};
/* End PBXProject section */

/* Begin PBXResourcesBuildPhase section */
		4E5F501E27E6507100E43278 /* Resources */ = {
			isa = PBXResourcesBuildPhase;
			buildActionMask = 2147483647;
			files = (
				4E5F503027E6507200E43278 /* LaunchScreen.storyboard in Resources */,
				4E5F502D27E6507200E43278 /* Assets.xcassets in Resources */,
			);
			runOnlyForDeploymentPostprocessing = 0;
		};
/* End PBXResourcesBuildPhase section */

/* Begin PBXSourcesBuildPhase section */
		4E5F501C27E6507100E43278 /* Sources */ = {
			isa = PBXSourcesBuildPhase;
			buildActionMask = 2147483647;
			files = (
				4EB25FE727F25A3F0001834A /* CustomTextField.swift in Sources */,
				4EB25FED27F2691D0001834A /* CustomLabel.swift in Sources */,
				4E5F503827E654CE00E43278 /* MainViewController.swift in Sources */,
				4E5F502427E6507100E43278 /* AppDelegate.swift in Sources */,
				4EB25FEF27F26C790001834A /* CustomButton.swift in Sources */,
				4E5F502627E6507100E43278 /* SceneDelegate.swift in Sources */,
				4E46A08727F30FAE004A0461 /* AboutViewController.swift in Sources */,
				4EB25FEB27F25D750001834A /* EnterPlayerNameViewController.swift in Sources */,
			);
			runOnlyForDeploymentPostprocessing = 0;
		};
/* End PBXSourcesBuildPhase section */

/* Begin PBXVariantGroup section */
		4E5F502E27E6507200E43278 /* LaunchScreen.storyboard */ = {
			isa = PBXVariantGroup;
			children = (
				4E5F502F27E6507200E43278 /* Base */,
			);
			name = LaunchScreen.storyboard;
			sourceTree = "<group>";
		};
/* End PBXVariantGroup section */

/* Begin XCBuildConfiguration section */
		4E5F503227E6507200E43278 /* Debug */ = {
			isa = XCBuildConfiguration;
			buildSettings = {
				ALWAYS_SEARCH_USER_PATHS = NO;
				CLANG_ANALYZER_NONNULL = YES;
				CLANG_ANALYZER_NUMBER_OBJECT_CONVERSION = YES_AGGRESSIVE;
				CLANG_CXX_LANGUAGE_STANDARD = "gnu++17";
				CLANG_CXX_LIBRARY = "libc++";
				CLANG_ENABLE_MODULES = YES;
				CLANG_ENABLE_OBJC_ARC = YES;
				CLANG_ENABLE_OBJC_WEAK = YES;
				CLANG_WARN_BLOCK_CAPTURE_AUTORELEASING = YES;
				CLANG_WARN_BOOL_CONVERSION = YES;
				CLANG_WARN_COMMA = YES;
				CLANG_WARN_CONSTANT_CONVERSION = YES;
				CLANG_WARN_DEPRECATED_OBJC_IMPLEMENTATIONS = YES;
				CLANG_WARN_DIRECT_OBJC_ISA_USAGE = YES_ERROR;
				CLANG_WARN_DOCUMENTATION_COMMENTS = YES;
				CLANG_WARN_EMPTY_BODY = YES;
				CLANG_WARN_ENUM_CONVERSION = YES;
				CLANG_WARN_INFINITE_RECURSION = YES;
				CLANG_WARN_INT_CONVERSION = YES;
				CLANG_WARN_NON_LITERAL_NULL_CONVERSION = YES;
				CLANG_WARN_OBJC_IMPLICIT_RETAIN_SELF = YES;
				CLANG_WARN_OBJC_LITERAL_CONVERSION = YES;
				CLANG_WARN_OBJC_ROOT_CLASS = YES_ERROR;
				CLANG_WARN_QUOTED_INCLUDE_IN_FRAMEWORK_HEADER = YES;
				CLANG_WARN_RANGE_LOOP_ANALYSIS = YES;
				CLANG_WARN_STRICT_PROTOTYPES = YES;
				CLANG_WARN_SUSPICIOUS_MOVE = YES;
				CLANG_WARN_UNGUARDED_AVAILABILITY = YES_AGGRESSIVE;
				CLANG_WARN_UNREACHABLE_CODE = YES;
				CLANG_WARN__DUPLICATE_METHOD_MATCH = YES;
				COPY_PHASE_STRIP = NO;
				DEBUG_INFORMATION_FORMAT = dwarf;
				ENABLE_STRICT_OBJC_MSGSEND = YES;
				ENABLE_TESTABILITY = YES;
				GCC_C_LANGUAGE_STANDARD = gnu11;
				GCC_DYNAMIC_NO_PIC = NO;
				GCC_NO_COMMON_BLOCKS = YES;
				GCC_OPTIMIZATION_LEVEL = 0;
				GCC_PREPROCESSOR_DEFINITIONS = (
					"DEBUG=1",
					"$(inherited)",
				);
				GCC_WARN_64_TO_32_BIT_CONVERSION = YES;
				GCC_WARN_ABOUT_RETURN_TYPE = YES_ERROR;
				GCC_WARN_UNDECLARED_SELECTOR = YES;
				GCC_WARN_UNINITIALIZED_AUTOS = YES_AGGRESSIVE;
				GCC_WARN_UNUSED_FUNCTION = YES;
				GCC_WARN_UNUSED_VARIABLE = YES;
				IPHONEOS_DEPLOYMENT_TARGET = 15.2;
				MTL_ENABLE_DEBUG_INFO = INCLUDE_SOURCE;
				MTL_FAST_MATH = YES;
				ONLY_ACTIVE_ARCH = YES;
				SDKROOT = iphoneos;
				SWIFT_ACTIVE_COMPILATION_CONDITIONS = DEBUG;
				SWIFT_OPTIMIZATION_LEVEL = "-Onone";
			};
			name = Debug;
		};
		4E5F503327E6507200E43278 /* Release */ = {
			isa = XCBuildConfiguration;
			buildSettings = {
				ALWAYS_SEARCH_USER_PATHS = NO;
				CLANG_ANALYZER_NONNULL = YES;
				CLANG_ANALYZER_NUMBER_OBJECT_CONVERSION = YES_AGGRESSIVE;
				CLANG_CXX_LANGUAGE_STANDARD = "gnu++17";
				CLANG_CXX_LIBRARY = "libc++";
				CLANG_ENABLE_MODULES = YES;
				CLANG_ENABLE_OBJC_ARC = YES;
				CLANG_ENABLE_OBJC_WEAK = YES;
				CLANG_WARN_BLOCK_CAPTURE_AUTORELEASING = YES;
				CLANG_WARN_BOOL_CONVERSION = YES;
				CLANG_WARN_COMMA = YES;
				CLANG_WARN_CONSTANT_CONVERSION = YES;
				CLANG_WARN_DEPRECATED_OBJC_IMPLEMENTATIONS = YES;
				CLANG_WARN_DIRECT_OBJC_ISA_USAGE = YES_ERROR;
				CLANG_WARN_DOCUMENTATION_COMMENTS = YES;
				CLANG_WARN_EMPTY_BODY = YES;
				CLANG_WARN_ENUM_CONVERSION = YES;
				CLANG_WARN_INFINITE_RECURSION = YES;
				CLANG_WARN_INT_CONVERSION = YES;
				CLANG_WARN_NON_LITERAL_NULL_CONVERSION = YES;
				CLANG_WARN_OBJC_IMPLICIT_RETAIN_SELF = YES;
				CLANG_WARN_OBJC_LITERAL_CONVERSION = YES;
				CLANG_WARN_OBJC_ROOT_CLASS = YES_ERROR;
				CLANG_WARN_QUOTED_INCLUDE_IN_FRAMEWORK_HEADER = YES;
				CLANG_WARN_RANGE_LOOP_ANALYSIS = YES;
				CLANG_WARN_STRICT_PROTOTYPES = YES;
				CLANG_WARN_SUSPICIOUS_MOVE = YES;
				CLANG_WARN_UNGUARDED_AVAILABILITY = YES_AGGRESSIVE;
				CLANG_WARN_UNREACHABLE_CODE = YES;
				CLANG_WARN__DUPLICATE_METHOD_MATCH = YES;
				COPY_PHASE_STRIP = NO;
				DEBUG_INFORMATION_FORMAT = "dwarf-with-dsym";
				ENABLE_NS_ASSERTIONS = NO;
				ENABLE_STRICT_OBJC_MSGSEND = YES;
				GCC_C_LANGUAGE_STANDARD = gnu11;
				GCC_NO_COMMON_BLOCKS = YES;
				GCC_WARN_64_TO_32_BIT_CONVERSION = YES;
				GCC_WARN_ABOUT_RETURN_TYPE = YES_ERROR;
				GCC_WARN_UNDECLARED_SELECTOR = YES;
				GCC_WARN_UNINITIALIZED_AUTOS = YES_AGGRESSIVE;
				GCC_WARN_UNUSED_FUNCTION = YES;
				GCC_WARN_UNUSED_VARIABLE = YES;
				IPHONEOS_DEPLOYMENT_TARGET = 15.2;
				MTL_ENABLE_DEBUG_INFO = NO;
				MTL_FAST_MATH = YES;
				SDKROOT = iphoneos;
				SWIFT_COMPILATION_MODE = wholemodule;
				SWIFT_OPTIMIZATION_LEVEL = "-O";
				VALIDATE_PRODUCT = YES;
			};
			name = Release;
		};
		4E5F503527E6507200E43278 /* Debug */ = {
			isa = XCBuildConfiguration;
			buildSettings = {
				ASSETCATALOG_COMPILER_APPICON_NAME = AppIcon;
				ASSETCATALOG_COMPILER_GLOBAL_ACCENT_COLOR_NAME = AccentColor;
				CODE_SIGN_STYLE = Automatic;
				CURRENT_PROJECT_VERSION = 1;
				GENERATE_INFOPLIST_FILE = YES;
				INFOPLIST_FILE = FirstHomework/Info.plist;
				INFOPLIST_KEY_UIApplicationSupportsIndirectInputEvents = YES;
				INFOPLIST_KEY_UILaunchStoryboardName = LaunchScreen;
				INFOPLIST_KEY_UISupportedInterfaceOrientations_iPad = "UIInterfaceOrientationPortrait UIInterfaceOrientationPortraitUpsideDown UIInterfaceOrientationLandscapeLeft UIInterfaceOrientationLandscapeRight";
				INFOPLIST_KEY_UISupportedInterfaceOrientations_iPhone = "UIInterfaceOrientationPortrait UIInterfaceOrientationLandscapeLeft UIInterfaceOrientationLandscapeRight";
				LD_RUNPATH_SEARCH_PATHS = (
					"$(inherited)",
					"@executable_path/Frameworks",
				);
				MARKETING_VERSION = 1.0;
				PRODUCT_BUNDLE_IDENTIFIER = com.andreism.FirstHomework;
				PRODUCT_NAME = "$(TARGET_NAME)";
				SWIFT_EMIT_LOC_STRINGS = YES;
				SWIFT_VERSION = 5.0;
				TARGETED_DEVICE_FAMILY = "1,2";
			};
			name = Debug;
		};
		4E5F503627E6507200E43278 /* Release */ = {
			isa = XCBuildConfiguration;
			buildSettings = {
				ASSETCATALOG_COMPILER_APPICON_NAME = AppIcon;
				ASSETCATALOG_COMPILER_GLOBAL_ACCENT_COLOR_NAME = AccentColor;
				CODE_SIGN_STYLE = Automatic;
				CURRENT_PROJECT_VERSION = 1;
				GENERATE_INFOPLIST_FILE = YES;
				INFOPLIST_FILE = FirstHomework/Info.plist;
				INFOPLIST_KEY_UIApplicationSupportsIndirectInputEvents = YES;
				INFOPLIST_KEY_UILaunchStoryboardName = LaunchScreen;
				INFOPLIST_KEY_UISupportedInterfaceOrientations_iPad = "UIInterfaceOrientationPortrait UIInterfaceOrientationPortraitUpsideDown UIInterfaceOrientationLandscapeLeft UIInterfaceOrientationLandscapeRight";
				INFOPLIST_KEY_UISupportedInterfaceOrientations_iPhone = "UIInterfaceOrientationPortrait UIInterfaceOrientationLandscapeLeft UIInterfaceOrientationLandscapeRight";
				LD_RUNPATH_SEARCH_PATHS = (
					"$(inherited)",
					"@executable_path/Frameworks",
				);
				MARKETING_VERSION = 1.0;
				PRODUCT_BUNDLE_IDENTIFIER = com.andreism.FirstHomework;
				PRODUCT_NAME = "$(TARGET_NAME)";
				SWIFT_EMIT_LOC_STRINGS = YES;
				SWIFT_VERSION = 5.0;
				TARGETED_DEVICE_FAMILY = "1,2";
			};
			name = Release;
		};
/* End XCBuildConfiguration section */

/* Begin XCConfigurationList section */
		4E5F501B27E6507100E43278 /* Build configuration list for PBXProject "FirstHomework" */ = {
			isa = XCConfigurationList;
			buildConfigurations = (
				4E5F503227E6507200E43278 /* Debug */,
				4E5F503327E6507200E43278 /* Release */,
			);
			defaultConfigurationIsVisible = 0;
			defaultConfigurationName = Release;
		};
		4E5F503427E6507200E43278 /* Build configuration list for PBXNativeTarget "FirstHomework" */ = {
			isa = XCConfigurationList;
			buildConfigurations = (
				4E5F503527E6507200E43278 /* Debug */,
				4E5F503627E6507200E43278 /* Release */,
			);
			defaultConfigurationIsVisible = 0;
			defaultConfigurationName = Release;
		};
/* End XCConfigurationList section */
	};
	rootObject = 4E5F501827E6507100E43278 /* Project object */;
}
